
Microsoft Visual Studio Solution File, Format Version 12.00
Project("{FAE04EC0-301F-11D3-BF4B-00C04F79EFBC}") = "HelloWorldAplicattion", "HelloWorldAplicattion\HelloWorldAplicattion.csproj", "{752BBD96-CF60-4092-9CFD-0D77A81F467A}"
EndProject
Global
	GlobalSection(SolutionConfigurationPlatforms) = preSolution
		Debug|Any CPU = Debug|Any CPU
		Release|Any CPU = Release|Any CPU
	EndGlobalSection
	GlobalSection(ProjectConfigurationPlatforms) = postSolution
		{752BBD96-CF60-4092-9CFD-0D77A81F467A}.Debug|Any CPU.ActiveCfg = Debug|Any CPU
		{752BBD96-CF60-4092-9CFD-0D77A81F467A}.Debug|Any CPU.Build.0 = Debug|Any CPU
		{752BBD96-CF60-4092-9CFD-0D77A81F467A}.Release|Any CPU.ActiveCfg = Release|Any CPU
		{752BBD96-CF60-4092-9CFD-0D77A81F467A}.Release|Any CPU.Build.0 = Release|Any CPU
	EndGlobalSection
EndGlobal
